
Microsoft Visual Studio Solution File, Format Version 12.00
# Visual Studio Version 17
VisualStudioVersion = 17.10.35013.160
MinimumVisualStudioVersion = 10.0.40219.1
Project("{FAE04EC0-301F-11D3-BF4B-00C04F79EFBC}") = "Outcome 2 Assesment", "Outcome 2 Assesment\Outcome 2 Assesment.csproj", "{EF800353-BEEE-4262-8CFF-9AD38C454BDB}"
EndProject
Global
	GlobalSection(SolutionConfigurationPlatforms) = preSolution
		Debug|Any CPU = Debug|Any CPU
		Release|Any CPU = Release|Any CPU
	EndGlobalSection
	GlobalSection(ProjectConfigurationPlatforms) = postSolution
		{EF800353-BEEE-4262-8CFF-9AD38C454BDB}.Debug|Any CPU.ActiveCfg = Debug|Any CPU
		{EF800353-BEEE-4262-8CFF-9AD38C454BDB}.Debug|Any CPU.Build.0 = Debug|Any CPU
		{EF800353-BEEE-4262-8CFF-9AD38C454BDB}.Release|Any CPU.ActiveCfg = Release|Any CPU
		{EF800353-BEEE-4262-8CFF-9AD38C454BDB}.Release|Any CPU.Build.0 = Release|Any CPU
	EndGlobalSection
	GlobalSection(SolutionProperties) = preSolution
		HideSolutionNode = FALSE
	EndGlobalSection
	GlobalSection(ExtensibilityGlobals) = postSolution
		SolutionGuid = {B332AB39-DAF8-49D0-8730-61F31F0F957F}
	EndGlobalSection
EndGlobal
